
Microsoft Visual Studio Solution File, Format Version 12.00
# Visual Studio Version 16
VisualStudioVersion = 16.0.810.14
MinimumVisualStudioVersion = 10.0.40219.1
Project("{FAE04EC0-301F-11D3-BF4B-00C04F79EFBC}") = "App", "App\App.csproj", "{08AF6291-57D1-464F-A2D9-85971CE3E615}"
EndProject
Global
	GlobalSection(SolutionConfigurationPlatforms) = preSolution
		Debug|Any CPU = Debug|Any CPU
		Release|Any CPU = Release|Any CPU
	EndGlobalSection
	GlobalSection(ProjectConfigurationPlatforms) = postSolution
		{08AF6291-57D1-464F-A2D9-85971CE3E615}.Debug|Any CPU.ActiveCfg = Debug|Any CPU
		{08AF6291-57D1-464F-A2D9-85971CE3E615}.Debug|Any CPU.Build.0 = Debug|Any CPU
		{08AF6291-57D1-464F-A2D9-85971CE3E615}.Release|Any CPU.ActiveCfg = Release|Any CPU
		{08AF6291-57D1-464F-A2D9-85971CE3E615}.Release|Any CPU.Build.0 = Release|Any CPU
	EndGlobalSection
	GlobalSection(SolutionProperties) = preSolution
		HideSolutionNode = FALSE
	EndGlobalSection
	GlobalSection(ExtensibilityGlobals) = postSolution
		SolutionGuid = {3B057A06-29EE-4D12-A1CF-783C3558C45B}
	EndGlobalSection
EndGlobal
